Microsoft Visual Studio Solution File, Format Version 8.00
Project("{8BC9CEB8-8B4A-11D0-8D11-00A0C91BC942}") = "elements", "examples\elements.vcproj", "{1D57832F-9B4B-42B3-9188-786C13D78826}"
	ProjectSection(ProjectDependencies) = postProject
		{CE2872B3-4587-4588-A823-AB841FBFB02B} = {CE2872B3-4587-4588-A823-AB841FBFB02B}
	EndProjectSection
EndProject
Project("{8BC9CEB8-8B4A-11D0-8D11-00A0C91BC942}") = "expat", "lib\expat.vcproj", "{779241A9-4BBE-4B46-82C2-364B4E96DC95}"
	ProjectSection(ProjectDependencies) = postProject
	EndProjectSection
EndProject
Project("{8BC9CEB8-8B4A-11D0-8D11-00A0C91BC942}") = "expat_static", "lib\expat_static.vcproj", "{CE2872B3-4587-4588-A823-AB841FBFB02B}"
	ProjectSection(ProjectDependencies) = postProject
	EndProjectSection
EndProject
Project("{8BC9CEB8-8B4A-11D0-8D11-00A0C91BC942}") = "expatw", "lib\expatw.vcproj", "{D4BEA7EE-B6EC-44C4-9C7D-861D709CAC4C}"
	ProjectSection(ProjectDependencies) = postProject
	EndProjectSection
EndProject
Project("{8BC9CEB8-8B4A-11D0-8D11-00A0C91BC942}") = "expatw_static", "lib\expatw_static.vcproj", "{F904F984-0BF6-4129-A8E6-880AACCDA1A4}"
	ProjectSection(ProjectDependencies) = postProject
	EndProjectSection
EndProject
Project("{8BC9CEB8-8B4A-11D0-8D11-00A0C91BC942}") = "outline", "examples\outline.vcproj", "{30BDC398-628E-41D1-8F06-DB3B22CAEBBE}"
	ProjectSection(ProjectDependencies) = postProject
		{779241A9-4BBE-4B46-82C2-364B4E96DC95} = {779241A9-4BBE-4B46-82C2-364B4E96DC95}
	EndProjectSection
EndProject
Project("{8BC9CEB8-8B4A-11D0-8D11-00A0C91BC942}") = "xmlwf", "xmlwf\xmlwf.vcproj", "{141281E8-19A7-4719-9E43-A4697DF0365B}"
	ProjectSection(ProjectDependencies) = postProject
		{779241A9-4BBE-4B46-82C2-364B4E96DC95} = {779241A9-4BBE-4B46-82C2-364B4E96DC95}
	EndProjectSection
EndProject
Global
	GlobalSection(SolutionConfiguration) = preSolution
		Debug = Debug
		Release = Release
	EndGlobalSection
	GlobalSection(ProjectConfiguration) = postSolution
		{1D57832F-9B4B-42B3-9188-786C13D78826}.Debug.ActiveCfg = Debug|Win32
		{1D57832F-9B4B-42B3-9188-786C13D78826}.Debug.Build.0 = Debug|Win32
		{1D57832F-9B4B-42B3-9188-786C13D78826}.Release.ActiveCfg = Release|Win32
		{1D57832F-9B4B-42B3-9188-786C13D78826}.Release.Build.0 = Release|Win32
		{779241A9-4BBE-4B46-82C2-364B4E96DC95}.Debug.ActiveCfg = Debug|Win32
		{779241A9-4BBE-4B46-82C2-364B4E96DC95}.Debug.Build.0 = Debug|Win32
		{779241A9-4BBE-4B46-82C2-364B4E96DC95}.Release.ActiveCfg = Release|Win32
		{779241A9-4BBE-4B46-82C2-364B4E96DC95}.Release.Build.0 = Release|Win32
		{CE2872B3-4587-4588-A823-AB841FBFB02B}.Debug.ActiveCfg = Debug|Win32
		{CE2872B3-4587-4588-A823-AB841FBFB02B}.Debug.Build.0 = Debug|Win32
		{CE2872B3-4587-4588-A823-AB841FBFB02B}.Release.ActiveCfg = Release|Win32
		{CE2872B3-4587-4588-A823-AB841FBFB02B}.Release.Build.0 = Release|Win32
		{D4BEA7EE-B6EC-44C4-9C7D-861D709CAC4C}.Debug.ActiveCfg = Debug|Win32
		{D4BEA7EE-B6EC-44C4-9C7D-861D709CAC4C}.Debug.Build.0 = Debug|Win32
		{D4BEA7EE-B6EC-44C4-9C7D-861D709CAC4C}.Release.ActiveCfg = Release|Win32
		{D4BEA7EE-B6EC-44C4-9C7D-861D709CAC4C}.Release.Build.0 = Release|Win32
		{F904F984-0BF6-4129-A8E6-880AACCDA1A4}.Debug.ActiveCfg = Debug|Win32
		{F904F984-0BF6-4129-A8E6-880AACCDA1A4}.Debug.Build.0 = Debug|Win32
		{F904F984-0BF6-4129-A8E6-880AACCDA1A4}.Release.ActiveCfg = Release|Win32
		{F904F984-0BF6-4129-A8E6-880AACCDA1A4}.Release.Build.0 = Release|Win32
		{30BDC398-628E-41D1-8F06-DB3B22CAEBBE}.Debug.ActiveCfg = Debug|Win32
		{30BDC398-628E-41D1-8F06-DB3B22CAEBBE}.Debug.Build.0 = Debug|Win32
		{30BDC398-628E-41D1-8F06-DB3B22CAEBBE}.Release.ActiveCfg = Release|Win32
		{30BDC398-628E-41D1-8F06-DB3B22CAEBBE}.Release.Build.0 = Release|Win32
		{141281E8-19A7-4719-9E43-A4697DF0365B}.Debug.ActiveCfg = Debug|Win32
		{141281E8-19A7-4719-9E43-A4697DF0365B}.Debug.Build.0 = Debug|Win32
		{141281E8-19A7-4719-9E43-A4697DF0365B}.Release.ActiveCfg = Release|Win32
		{141281E8-19A7-4719-9E43-A4697DF0365B}.Release.Build.0 = Release|Win32
	EndGlobalSection
	GlobalSection(ExtensibilityGlobals) = postSolution
	EndGlobalSection
	GlobalSection(ExtensibilityAddIns) = postSolution
	EndGlobalSection
EndGlobal
